
Microsoft Visual Studio Solution File, Format Version 12.00
# Visual Studio 15
VisualStudioVersion = 15.0.27428.2043
MinimumVisualStudioVersion = 10.0.40219.1
Project("{FAE04EC0-301F-11D3-BF4B-00C04F79EFBC}") = "Demo1", "Demo1\Demo1.csproj", "{02035D53-CE63-44D9-89DD-61FBD819BDED}"
EndProject
Global
	GlobalSection(SolutionConfigurationPlatforms) = preSolution
		Debug|Any CPU = Debug|Any CPU
		Release|Any CPU = Release|Any CPU
	EndGlobalSection
	GlobalSection(ProjectConfigurationPlatforms) = postSolution
		{02035D53-CE63-44D9-89DD-61FBD819BDED}.Debug|Any CPU.ActiveCfg = Debug|Any CPU
		{02035D53-CE63-44D9-89DD-61FBD819BDED}.Debug|Any CPU.Build.0 = Debug|Any CPU
		{02035D53-CE63-44D9-89DD-61FBD819BDED}.Release|Any CPU.ActiveCfg = Release|Any CPU
		{02035D53-CE63-44D9-89DD-61FBD819BDED}.Release|Any CPU.Build.0 = Release|Any CPU
	EndGlobalSection
	GlobalSection(SolutionProperties) = preSolution
		HideSolutionNode = FALSE
	EndGlobalSection
	GlobalSection(ExtensibilityGlobals) = postSolution
		SolutionGuid = {E6A7263D-69D4-43BC-B188-5C0DCB6CD640}
	EndGlobalSection
EndGlobal
