
Microsoft Visual Studio Solution File, Format Version 12.00
# Visual Studio 15
VisualStudioVersion = 15.0.27428.2043
MinimumVisualStudioVersion = 10.0.40219.1
Project("{2150E333-8FDC-42A3-9474-1A3956D46DE8}") = "Umbraco7-Empty", "Umbraco7-Empty", "{F67AD133-6E65-498E-9479-D91CFB0C0DF2}"
EndProject
Project("{FAE04EC0-301F-11D3-BF4B-00C04F79EFBC}") = "Umbracov7-Empty", "Empty\Umbracov7-Empty\Umbracov7-Empty.csproj", "{63BAADED-0A02-4310-9E82-FA22DA21CDC4}"
EndProject
Global
	GlobalSection(SolutionConfigurationPlatforms) = preSolution
		Debug|Any CPU = Debug|Any CPU
		Release|Any CPU = Release|Any CPU
	EndGlobalSection
	GlobalSection(ProjectConfigurationPlatforms) = postSolution
		{63BAADED-0A02-4310-9E82-FA22DA21CDC4}.Debug|Any CPU.ActiveCfg = Debug|Any CPU
		{63BAADED-0A02-4310-9E82-FA22DA21CDC4}.Debug|Any CPU.Build.0 = Debug|Any CPU
		{63BAADED-0A02-4310-9E82-FA22DA21CDC4}.Release|Any CPU.ActiveCfg = Release|Any CPU
		{63BAADED-0A02-4310-9E82-FA22DA21CDC4}.Release|Any CPU.Build.0 = Release|Any CPU
	EndGlobalSection
	GlobalSection(SolutionProperties) = preSolution
		HideSolutionNode = FALSE
	EndGlobalSection
	GlobalSection(NestedProjects) = preSolution
		{63BAADED-0A02-4310-9E82-FA22DA21CDC4} = {F67AD133-6E65-498E-9479-D91CFB0C0DF2}
	EndGlobalSection
	GlobalSection(ExtensibilityGlobals) = postSolution
		SolutionGuid = {3737BF25-7CA5-466F-AFC6-10300EB4DBD5}
	EndGlobalSection
EndGlobal
