
Microsoft Visual Studio Solution File, Format Version 12.00
# Visual Studio 15
VisualStudioVersion = 15.0.27428.2043
MinimumVisualStudioVersion = 10.0.40219.1
Project("{FAE04EC0-301F-11D3-BF4B-00C04F79EFBC}") = "EmptyMvc", "EmptyMvc\EmptyMvc.csproj", "{C3D72567-7C7A-403F-93EF-EEF09FF4EA9C}"
EndProject
Global
	GlobalSection(SolutionConfigurationPlatforms) = preSolution
		Debug|Any CPU = Debug|Any CPU
		Release|Any CPU = Release|Any CPU
	EndGlobalSection
	GlobalSection(ProjectConfigurationPlatforms) = postSolution
		{C3D72567-7C7A-403F-93EF-EEF09FF4EA9C}.Debug|Any CPU.ActiveCfg = Debug|Any CPU
		{C3D72567-7C7A-403F-93EF-EEF09FF4EA9C}.Debug|Any CPU.Build.0 = Debug|Any CPU
		{C3D72567-7C7A-403F-93EF-EEF09FF4EA9C}.Release|Any CPU.ActiveCfg = Release|Any CPU
		{C3D72567-7C7A-403F-93EF-EEF09FF4EA9C}.Release|Any CPU.Build.0 = Release|Any CPU
	EndGlobalSection
	GlobalSection(SolutionProperties) = preSolution
		HideSolutionNode = FALSE
	EndGlobalSection
	GlobalSection(ExtensibilityGlobals) = postSolution
		SolutionGuid = {7A774F0B-5413-4597-9E04-75C269A61012}
	EndGlobalSection
EndGlobal
